
Microsoft Visual Studio Solution File, Format Version 12.00
# Visual Studio Version 17
VisualStudioVersion = 17.9.34728.123
MinimumVisualStudioVersion = 10.0.40219.1
Project("{9A19103F-16F7-4668-BE54-9A1E7A4F7556}") = "Ph_Mc_ZhuYeJi", "Ph_Mc_ZhuYeJi\Ph_Mc_ZhuYeJi.csproj", "{088DE29B-F320-4F5A-87C9-532363873544}"
EndProject
Global
	GlobalSection(SolutionConfigurationPlatforms) = preSolution
		Debug|Any CPU = Debug|Any CPU
		Release|Any CPU = Release|Any CPU
	EndGlobalSection
	GlobalSection(ProjectConfigurationPlatforms) = postSolution
		{088DE29B-F320-4F5A-87C9-532363873544}.Debug|Any CPU.ActiveCfg = Debug|Any CPU
		{088DE29B-F320-4F5A-87C9-532363873544}.Debug|Any CPU.Build.0 = Debug|Any CPU
		{088DE29B-F320-4F5A-87C9-532363873544}.Release|Any CPU.ActiveCfg = Release|Any CPU
		{088DE29B-F320-4F5A-87C9-532363873544}.Release|Any CPU.Build.0 = Release|Any CPU
	EndGlobalSection
	GlobalSection(SolutionProperties) = preSolution
		HideSolutionNode = FALSE
	EndGlobalSection
	GlobalSection(ExtensibilityGlobals) = postSolution
		SolutionGuid = {300ACC98-F56A-4820-AA59-8D82EEFA846A}
	EndGlobalSection
EndGlobal
